// !$*UTF8*$!
{
	archiveVersion = 1;
	classes = {
	};
	objectVersion = 56;
	objects = {

/* Begin PBXBuildFile section */
		DF0526102A3558BA0026F539 /* CardView.swift in Sources */ = {isa = PBXBuildFile; fileRef = DF05260F2A3558BA0026F539 /* CardView.swift */; };
		DF0526132A355A620026F539 /* CustomBackgroundView.swift in Sources */ = {isa = PBXBuildFile; fileRef = DF0526122A355A620026F539 /* CustomBackgroundView.swift */; };
		DF0526162A355CED0026F539 /* ColorExtension.swift in Sources */ = {isa = PBXBuildFile; fileRef = DF0526152A355CED0026F539 /* ColorExtension.swift */; };
		DF273A412A3944A800AAC4EB /* CustomButtonView.swift in Sources */ = {isa = PBXBuildFile; fileRef = DF273A402A3944A800AAC4EB /* CustomButtonView.swift */; };
		DF3658262A32B034004F97E0 /* HikingApp.swift in Sources */ = {isa = PBXBuildFile; fileRef = DF3658252A32B034004F97E0 /* HikingApp.swift */; };
		DF3658282A32B034004F97E0 /* ContentView.swift in Sources */ = {isa = PBXBuildFile; fileRef = DF3658272A32B034004F97E0 /* ContentView.swift */; };
		DF36582A2A32B036004F97E0 /* Assets.xcassets in Resources */ = {isa = PBXBuildFile; fileRef = DF3658292A32B036004F97E0 /* Assets.xcassets */; };
		DF36582D2A32B036004F97E0 /* Preview Assets.xcassets in Resources */ = {isa = PBXBuildFile; fileRef = DF36582C2A32B036004F97E0 /* Preview Assets.xcassets */; };
		DF3BB1B42A46F4900096E215 /* CustomCircleView.swift in Sources */ = {isa = PBXBuildFile; fileRef = DF3BB1B32A46F4900096E215 /* CustomCircleView.swift */; };
		DF3BB1B62A46F6BA0096E215 /* MotionAnimationView.swift in Sources */ = {isa = PBXBuildFile; fileRef = DF3BB1B52A46F6BA0096E215 /* MotionAnimationView.swift */; };
		DF9DA5A32A4E8E1400499B4E /* SettingsView.swift in Sources */ = {isa = PBXBuildFile; fileRef = DF9DA5A22A4E8E1400499B4E /* SettingsView.swift */; };
		DFD292D82A3C9E2F00B22EF8 /* GradientButtonStyle.swift in Sources */ = {isa = PBXBuildFile; fileRef = DFD292D72A3C9E2F00B22EF8 /* GradientButtonStyle.swift */; };
		DFEFDDF32A544727009570BC /* CustomListRowView.swift in Sources */ = {isa = PBXBuildFile; fileRef = DFEFDDF22A544727009570BC /* CustomListRowView.swift */; };
/* End PBXBuildFile section */

/* Begin PBXFileReference section */
		DF05260F2A3558BA0026F539 /* CardView.swift */ = {isa = PBXFileReference; lastKnownFileType = sourcecode.swift; path = CardView.swift; sourceTree = "<group>"; };
		DF0526122A355A620026F539 /* CustomBackgroundView.swift */ = {isa = PBXFileReference; lastKnownFileType = sourcecode.swift; path = CustomBackgroundView.swift; sourceTree = "<group>"; };
		DF0526152A355CED0026F539 /* ColorExtension.swift */ = {isa = PBXFileReference; lastKnownFileType = sourcecode.swift; path = ColorExtension.swift; sourceTree = "<group>"; };
		DF273A402A3944A800AAC4EB /* CustomButtonView.swift */ = {isa = PBXFileReference; lastKnownFileType = sourcecode.swift; path = CustomButtonView.swift; sourceTree = "<group>"; };
		DF3658222A32B034004F97E0 /* Hiking.app */ = {isa = PBXFileReference; explicitFileType = wrapper.application; includeInIndex = 0; path = Hiking.app; sourceTree = BUILT_PRODUCTS_DIR; };
		DF3658252A32B034004F97E0 /* HikingApp.swift */ = {isa = PBXFileReference; lastKnownFileType = sourcecode.swift; path = HikingApp.swift; sourceTree = "<group>"; };
		DF3658272A32B034004F97E0 /* ContentView.swift */ = {isa = PBXFileReference; lastKnownFileType = sourcecode.swift; path = ContentView.swift; sourceTree = "<group>"; };
		DF3658292A32B036004F97E0 /* Assets.xcassets */ = {isa = PBXFileReference; lastKnownFileType = folder.assetcatalog; path = Assets.xcassets; sourceTree = "<group>"; };
		DF36582C2A32B036004F97E0 /* Preview Assets.xcassets */ = {isa = PBXFileReference; lastKnownFileType = folder.assetcatalog; path = "Preview Assets.xcassets"; sourceTree = "<group>"; };
		DF3BB1B32A46F4900096E215 /* CustomCircleView.swift */ = {isa = PBXFileReference; lastKnownFileType = sourcecode.swift; path = CustomCircleView.swift; sourceTree = "<group>"; };
		DF3BB1B52A46F6BA0096E215 /* MotionAnimationView.swift */ = {isa = PBXFileReference; lastKnownFileType = sourcecode.swift; path = MotionAnimationView.swift; sourceTree = "<group>"; };
		DF9DA5A22A4E8E1400499B4E /* SettingsView.swift */ = {isa = PBXFileReference; lastKnownFileType = sourcecode.swift; path = SettingsView.swift; sourceTree = "<group>"; };
		DFD292D72A3C9E2F00B22EF8 /* GradientButtonStyle.swift */ = {isa = PBXFileReference; lastKnownFileType = sourcecode.swift; path = GradientButtonStyle.swift; sourceTree = "<group>"; };
		DFEFDDF22A544727009570BC /* CustomListRowView.swift */ = {isa = PBXFileReference; lastKnownFileType = sourcecode.swift; path = CustomListRowView.swift; sourceTree = "<group>"; };
/* End PBXFileReference section */

/* Begin PBXFrameworksBuildPhase section */
		DF36581F2A32B034004F97E0 /* Frameworks */ = {
			isa = PBXFrameworksBuildPhase;
			buildActionMask = 2147483647;
			files = (
			);
			runOnlyForDeploymentPostprocessing = 0;
		};
/* End PBXFrameworksBuildPhase section */

/* Begin PBXGroup section */
		DF0526112A355A3B0026F539 /* Component */ = {
			isa = PBXGroup;
			children = (
				DF05260F2A3558BA0026F539 /* CardView.swift */,
				DF0526122A355A620026F539 /* CustomBackgroundView.swift */,
				DF273A402A3944A800AAC4EB /* CustomButtonView.swift */,
				DF3BB1B32A46F4900096E215 /* CustomCircleView.swift */,
				DF3BB1B52A46F6BA0096E215 /* MotionAnimationView.swift */,
				DFEFDDF22A544727009570BC /* CustomListRowView.swift */,
			);
			path = Component;
			sourceTree = "<group>";
		};
		DF0526142A355CBA0026F539 /* Utility */ = {
			isa = PBXGroup;
			children = (
				DF0526152A355CED0026F539 /* ColorExtension.swift */,
				DFD292D72A3C9E2F00B22EF8 /* GradientButtonStyle.swift */,
			);
			path = Utility;
			sourceTree = "<group>";
		};
		DF3658192A32B034004F97E0 = {
			isa = PBXGroup;
			children = (
				DF3658242A32B034004F97E0 /* Hiking */,
				DF3658232A32B034004F97E0 /* Products */,
			);
			sourceTree = "<group>";
		};
		DF3658232A32B034004F97E0 /* Products */ = {
			isa = PBXGroup;
			children = (
				DF3658222A32B034004F97E0 /* Hiking.app */,
			);
			name = Products;
			sourceTree = "<group>";
		};
		DF3658242A32B034004F97E0 /* Hiking */ = {
			isa = PBXGroup;
			children = (
				DF0526142A355CBA0026F539 /* Utility */,
				DF3658252A32B034004F97E0 /* HikingApp.swift */,
				DF0526112A355A3B0026F539 /* Component */,
				DF9DA5A12A4E8DE100499B4E /* Screen */,
				DF3658292A32B036004F97E0 /* Assets.xcassets */,
				DF36582B2A32B036004F97E0 /* Preview Content */,
			);
			path = Hiking;
			sourceTree = "<group>";
		};
		DF36582B2A32B036004F97E0 /* Preview Content */ = {
			isa = PBXGroup;
			children = (
				DF36582C2A32B036004F97E0 /* Preview Assets.xcassets */,
			);
			path = "Preview Content";
			sourceTree = "<group>";
		};
		DF9DA5A12A4E8DE100499B4E /* Screen */ = {
			isa = PBXGroup;
			children = (
				DF3658272A32B034004F97E0 /* ContentView.swift */,
				DF9DA5A22A4E8E1400499B4E /* SettingsView.swift */,
			);
			path = Screen;
			sourceTree = "<group>";
		};
/* End PBXGroup section */

/* Begin PBXNativeTarget section */
		DF3658212A32B034004F97E0 /* Hiking */ = {
			isa = PBXNativeTarget;
			buildConfigurationList = DF3658302A32B036004F97E0 /* Build configuration list for PBXNativeTarget "Hiking" */;
			buildPhases = (
				DF36581E2A32B034004F97E0 /* Sources */,
				DF36581F2A32B034004F97E0 /* Frameworks */,
				DF3658202A32B034004F97E0 /* Resources */,
			);
			buildRules = (
			);
			dependencies = (
			);
			name = Hiking;
			productName = Hiking;
			productReference = DF3658222A32B034004F97E0 /* Hiking.app */;
			productType = "com.apple.product-type.application";
		};
/* End PBXNativeTarget section */

/* Begin PBXProject section */
		DF36581A2A32B034004F97E0 /* Project object */ = {
			isa = PBXProject;
			attributes = {
				BuildIndependentTargetsInParallel = 1;
				LastSwiftUpdateCheck = 1420;
				LastUpgradeCheck = 1420;
				TargetAttributes = {
					DF3658212A32B034004F97E0 = {
						CreatedOnToolsVersion = 14.2;
					};
				};
			};
			buildConfigurationList = DF36581D2A32B034004F97E0 /* Build configuration list for PBXProject "Hiking" */;
			compatibilityVersion = "Xcode 14.0";
			developmentRegion = en;
			hasScannedForEncodings = 0;
			knownRegions = (
				en,
				Base,
			);
			mainGroup = DF3658192A32B034004F97E0;
			productRefGroup = DF3658232A32B034004F97E0 /* Products */;
			projectDirPath = "";
			projectRoot = "";
			targets = (
				DF3658212A32B034004F97E0 /* Hiking */,
			);
		};
/* End PBXProject section */

/* Begin PBXResourcesBuildPhase section */
		DF3658202A32B034004F97E0 /* Resources */ = {
			isa = PBXResourcesBuildPhase;
			buildActionMask = 2147483647;
			files = (
				DF36582D2A32B036004F97E0 /* Preview Assets.xcassets in Resources */,
				DF36582A2A32B036004F97E0 /* Assets.xcassets in Resources */,
			);
			runOnlyForDeploymentPostprocessing = 0;
		};
/* End PBXResourcesBuildPhase section */

/* Begin PBXSourcesBuildPhase section */
		DF36581E2A32B034004F97E0 /* Sources */ = {
			isa = PBXSourcesBuildPhase;
			buildActionMask = 2147483647;
			files = (
				DF3658282A32B034004F97E0 /* ContentView.swift in Sources */,
				DF3BB1B42A46F4900096E215 /* CustomCircleView.swift in Sources */,
				DFEFDDF32A544727009570BC /* CustomListRowView.swift in Sources */,
				DF0526102A3558BA0026F539 /* CardView.swift in Sources */,
				DF3658262A32B034004F97E0 /* HikingApp.swift in Sources */,
				DF273A412A3944A800AAC4EB /* CustomButtonView.swift in Sources */,
				DF9DA5A32A4E8E1400499B4E /* SettingsView.swift in Sources */,
				DFD292D82A3C9E2F00B22EF8 /* GradientButtonStyle.swift in Sources */,
				DF3BB1B62A46F6BA0096E215 /* MotionAnimationView.swift in Sources */,
				DF0526132A355A620026F539 /* CustomBackgroundView.swift in Sources */,
				DF0526162A355CED0026F539 /* ColorExtension.swift in Sources */,
			);
			runOnlyForDeploymentPostprocessing = 0;
		};
/* End PBXSourcesBuildPhase section */

/* Begin XCBuildConfiguration section */
		DF36582E2A32B036004F97E0 /* Debug */ = {
			isa = XCBuildConfiguration;
			buildSettings = {
				ALWAYS_SEARCH_USER_PATHS = NO;
				CLANG_ANALYZER_NONNULL = YES;
				CLANG_ANALYZER_NUMBER_OBJECT_CONVERSION = YES_AGGRESSIVE;
				CLANG_CXX_LANGUAGE_STANDARD = "gnu++20";
				CLANG_ENABLE_MODULES = YES;
				CLANG_ENABLE_OBJC_ARC = YES;
				CLANG_ENABLE_OBJC_WEAK = YES;
				CLANG_WARN_BLOCK_CAPTURE_AUTORELEASING = YES;
				CLANG_WARN_BOOL_CONVERSION = YES;
				CLANG_WARN_COMMA = YES;
				CLANG_WARN_CONSTANT_CONVERSION = YES;
				CLANG_WARN_DEPRECATED_OBJC_IMPLEMENTATIONS = YES;
				CLANG_WARN_DIRECT_OBJC_ISA_USAGE = YES_ERROR;
				CLANG_WARN_DOCUMENTATION_COMMENTS = YES;
				CLANG_WARN_EMPTY_BODY = YES;
				CLANG_WARN_ENUM_CONVERSION = YES;
				CLANG_WARN_INFINITE_RECURSION = YES;
				CLANG_WARN_INT_CONVERSION = YES;
				CLANG_WARN_NON_LITERAL_NULL_CONVERSION = YES;
				CLANG_WARN_OBJC_IMPLICIT_RETAIN_SELF = YES;
				CLANG_WARN_OBJC_LITERAL_CONVERSION = YES;
				CLANG_WARN_OBJC_ROOT_CLASS = YES_ERROR;
				CLANG_WARN_QUOTED_INCLUDE_IN_FRAMEWORK_HEADER = YES;
				CLANG_WARN_RANGE_LOOP_ANALYSIS = YES;
				CLANG_WARN_STRICT_PROTOTYPES = YES;
				CLANG_WARN_SUSPICIOUS_MOVE = YES;
				CLANG_WARN_UNGUARDED_AVAILABILITY = YES_AGGRESSIVE;
				CLANG_WARN_UNREACHABLE_CODE = YES;
				CLANG_WARN__DUPLICATE_METHOD_MATCH = YES;
				COPY_PHASE_STRIP = NO;
				DEBUG_INFORMATION_FORMAT = dwarf;
				ENABLE_STRICT_OBJC_MSGSEND = YES;
				ENABLE_TESTABILITY = YES;
				GCC_C_LANGUAGE_STANDARD = gnu11;
				GCC_DYNAMIC_NO_PIC = NO;
				GCC_NO_COMMON_BLOCKS = YES;
				GCC_OPTIMIZATION_LEVEL = 0;
				GCC_PREPROCESSOR_DEFINITIONS = (
					"DEBUG=1",
					"$(inherited)",
				);
				GCC_WARN_64_TO_32_BIT_CONVERSION = YES;
				GCC_WARN_ABOUT_RETURN_TYPE = YES_ERROR;
				GCC_WARN_UNDECLARED_SELECTOR = YES;
				GCC_WARN_UNINITIALIZED_AUTOS = YES_AGGRESSIVE;
				GCC_WARN_UNUSED_FUNCTION = YES;
				GCC_WARN_UNUSED_VARIABLE = YES;
				IPHONEOS_DEPLOYMENT_TARGET = 16.2;
				MTL_ENABLE_DEBUG_INFO = INCLUDE_SOURCE;
				MTL_FAST_MATH = YES;
				ONLY_ACTIVE_ARCH = YES;
				SDKROOT = iphoneos;
				SWIFT_ACTIVE_COMPILATION_CONDITIONS = DEBUG;
				SWIFT_OPTIMIZATION_LEVEL = "-Onone";
			};
			name = Debug;
		};
		DF36582F2A32B036004F97E0 /* Release */ = {
			isa = XCBuildConfiguration;
			buildSettings = {
				ALWAYS_SEARCH_USER_PATHS = NO;
				CLANG_ANALYZER_NONNULL = YES;
				CLANG_ANALYZER_NUMBER_OBJECT_CONVERSION = YES_AGGRESSIVE;
				CLANG_CXX_LANGUAGE_STANDARD = "gnu++20";
				CLANG_ENABLE_MODULES = YES;
				CLANG_ENABLE_OBJC_ARC = YES;
				CLANG_ENABLE_OBJC_WEAK = YES;
				CLANG_WARN_BLOCK_CAPTURE_AUTORELEASING = YES;
				CLANG_WARN_BOOL_CONVERSION = YES;
				CLANG_WARN_COMMA = YES;
				CLANG_WARN_CONSTANT_CONVERSION = YES;
				CLANG_WARN_DEPRECATED_OBJC_IMPLEMENTATIONS = YES;
				CLANG_WARN_DIRECT_OBJC_ISA_USAGE = YES_ERROR;
				CLANG_WARN_DOCUMENTATION_COMMENTS = YES;
				CLANG_WARN_EMPTY_BODY = YES;
				CLANG_WARN_ENUM_CONVERSION = YES;
				CLANG_WARN_INFINITE_RECURSION = YES;
				CLANG_WARN_INT_CONVERSION = YES;
				CLANG_WARN_NON_LITERAL_NULL_CONVERSION = YES;
				CLANG_WARN_OBJC_IMPLICIT_RETAIN_SELF = YES;
				CLANG_WARN_OBJC_LITERAL_CONVERSION = YES;
				CLANG_WARN_OBJC_ROOT_CLASS = YES_ERROR;
				CLANG_WARN_QUOTED_INCLUDE_IN_FRAMEWORK_HEADER = YES;
				CLANG_WARN_RANGE_LOOP_ANALYSIS = YES;
				CLANG_WARN_STRICT_PROTOTYPES = YES;
				CLANG_WARN_SUSPICIOUS_MOVE = YES;
				CLANG_WARN_UNGUARDED_AVAILABILITY = YES_AGGRESSIVE;
				CLANG_WARN_UNREACHABLE_CODE = YES;
				CLANG_WARN__DUPLICATE_METHOD_MATCH = YES;
				COPY_PHASE_STRIP = NO;
				DEBUG_INFORMATION_FORMAT = "dwarf-with-dsym";
				ENABLE_NS_ASSERTIONS = NO;
				ENABLE_STRICT_OBJC_MSGSEND = YES;
				GCC_C_LANGUAGE_STANDARD = gnu11;
				GCC_NO_COMMON_BLOCKS = YES;
				GCC_WARN_64_TO_32_BIT_CONVERSION = YES;
				GCC_WARN_ABOUT_RETURN_TYPE = YES_ERROR;
				GCC_WARN_UNDECLARED_SELECTOR = YES;
				GCC_WARN_UNINITIALIZED_AUTOS = YES_AGGRESSIVE;
				GCC_WARN_UNUSED_FUNCTION = YES;
				GCC_WARN_UNUSED_VARIABLE = YES;
				IPHONEOS_DEPLOYMENT_TARGET = 16.2;
				MTL_ENABLE_DEBUG_INFO = NO;
				MTL_FAST_MATH = YES;
				SDKROOT = iphoneos;
				SWIFT_COMPILATION_MODE = wholemodule;
				SWIFT_OPTIMIZATION_LEVEL = "-O";
				VALIDATE_PRODUCT = YES;
			};
			name = Release;
		};
		DF3658312A32B036004F97E0 /* Debug */ = {
			isa = XCBuildConfiguration;
			buildSettings = {
				ASSETCATALOG_COMPILER_ALTERNATE_APPICON_NAMES = "AppIcons, AppIcons-Preview";
				ASSETCATALOG_COMPILER_APPICON_NAME = AppIcon;
				ASSETCATALOG_COMPILER_GLOBAL_ACCENT_COLOR_NAME = AccentColor;
				ASSETCATALOG_COMPILER_INCLUDE_ALL_APPICON_ASSETS = YES;
				CODE_SIGN_STYLE = Automatic;
				CURRENT_PROJECT_VERSION = 1;
				DEVELOPMENT_ASSET_PATHS = "\"Hiking/Preview Content\"";
				DEVELOPMENT_TEAM = CSDME8QJX3;
				ENABLE_PREVIEWS = YES;
				GENERATE_INFOPLIST_FILE = YES;
				INFOPLIST_KEY_UIApplicationSceneManifest_Generation = YES;
				INFOPLIST_KEY_UIApplicationSupportsIndirectInputEvents = YES;
				INFOPLIST_KEY_UILaunchScreen_Generation = YES;
				INFOPLIST_KEY_UISupportedInterfaceOrientations_iPad = "UIInterfaceOrientationPortrait UIInterfaceOrientationPortraitUpsideDown UIInterfaceOrientationLandscapeLeft UIInterfaceOrientationLandscapeRight";
				INFOPLIST_KEY_UISupportedInterfaceOrientations_iPhone = "UIInterfaceOrientationPortrait UIInterfaceOrientationLandscapeLeft UIInterfaceOrientationLandscapeRight";
				LD_RUNPATH_SEARCH_PATHS = (
					"$(inherited)",
					"@executable_path/Frameworks",
				);
				MARKETING_VERSION = 1.0;
				PRODUCT_BUNDLE_IDENTIFIER = com.rothermel1.Hiking;
				PRODUCT_NAME = "$(TARGET_NAME)";
				SWIFT_EMIT_LOC_STRINGS = YES;
				SWIFT_VERSION = 5.0;
				TARGETED_DEVICE_FAMILY = "1,2";
			};
			name = Debug;
		};
		DF3658322A32B036004F97E0 /* Release */ = {
			isa = XCBuildConfiguration;
			buildSettings = {
				ASSETCATALOG_COMPILER_ALTERNATE_APPICON_NAMES = "AppIcons, AppIcons-Preview";
				ASSETCATALOG_COMPILER_APPICON_NAME = AppIcon;
				ASSETCATALOG_COMPILER_GLOBAL_ACCENT_COLOR_NAME = AccentColor;
				ASSETCATALOG_COMPILER_INCLUDE_ALL_APPICON_ASSETS = YES;
				CODE_SIGN_STYLE = Automatic;
				CURRENT_PROJECT_VERSION = 1;
				DEVELOPMENT_ASSET_PATHS = "\"Hiking/Preview Content\"";
				DEVELOPMENT_TEAM = CSDME8QJX3;
				ENABLE_PREVIEWS = YES;
				GENERATE_INFOPLIST_FILE = YES;
				INFOPLIST_KEY_UIApplicationSceneManifest_Generation = YES;
				INFOPLIST_KEY_UIApplicationSupportsIndirectInputEvents = YES;
				INFOPLIST_KEY_UILaunchScreen_Generation = YES;
				INFOPLIST_KEY_UISupportedInterfaceOrientations_iPad = "UIInterfaceOrientationPortrait UIInterfaceOrientationPortraitUpsideDown UIInterfaceOrientationLandscapeLeft UIInterfaceOrientationLandscapeRight";
				INFOPLIST_KEY_UISupportedInterfaceOrientations_iPhone = "UIInterfaceOrientationPortrait UIInterfaceOrientationLandscapeLeft UIInterfaceOrientationLandscapeRight";
				LD_RUNPATH_SEARCH_PATHS = (
					"$(inherited)",
					"@executable_path/Frameworks",
				);
				MARKETING_VERSION = 1.0;
				PRODUCT_BUNDLE_IDENTIFIER = com.rothermel1.Hiking;
				PRODUCT_NAME = "$(TARGET_NAME)";
				SWIFT_EMIT_LOC_STRINGS = YES;
				SWIFT_VERSION = 5.0;
				TARGETED_DEVICE_FAMILY = "1,2";
			};
			name = Release;
		};
/* End XCBuildConfiguration section */

/* Begin XCConfigurationList section */
		DF36581D2A32B034004F97E0 /* Build configuration list for PBXProject "Hiking" */ = {
			isa = XCConfigurationList;
			buildConfigurations = (
				DF36582E2A32B036004F97E0 /* Debug */,
				DF36582F2A32B036004F97E0 /* Release */,
			);
			defaultConfigurationIsVisible = 0;
			defaultConfigurationName = Release;
		};
		DF3658302A32B036004F97E0 /* Build configuration list for PBXNativeTarget "Hiking" */ = {
			isa = XCConfigurationList;
			buildConfigurations = (
				DF3658312A32B036004F97E0 /* Debug */,
				DF3658322A32B036004F97E0 /* Release */,
			);
			defaultConfigurationIsVisible = 0;
			defaultConfigurationName = Release;
		};
/* End XCConfigurationList section */
	};
	rootObject = DF36581A2A32B034004F97E0 /* Project object */;
}
